
Microsoft Visual Studio Solution File, Format Version 12.00
# Visual Studio Version 16
VisualStudioVersion = 16.0.28803.202
MinimumVisualStudioVersion = 10.0.40219.1
Project("{FAE04EC0-301F-11D3-BF4B-00C04F79EFBC}") = "API", "API\API.csproj", "{315BFD35-B5D7-410B-8F58-72085412901F}"
EndProject
Project("{FAE04EC0-301F-11D3-BF4B-00C04F79EFBC}") = "repository1", "repository1\repository1.csproj", "{0C0910E0-1291-4A1E-99B5-B08F58854C25}"
EndProject
Global
	GlobalSection(SolutionConfigurationPlatforms) = preSolution
		Debug|Any CPU = Debug|Any CPU
		Release|Any CPU = Release|Any CPU
	EndGlobalSection
	GlobalSection(ProjectConfigurationPlatforms) = postSolution
		{315BFD35-B5D7-410B-8F58-72085412901F}.Debug|Any CPU.ActiveCfg = Debug|Any CPU
		{315BFD35-B5D7-410B-8F58-72085412901F}.Debug|Any CPU.Build.0 = Debug|Any CPU
		{315BFD35-B5D7-410B-8F58-72085412901F}.Release|Any CPU.ActiveCfg = Release|Any CPU
		{315BFD35-B5D7-410B-8F58-72085412901F}.Release|Any CPU.Build.0 = Release|Any CPU
		{0C0910E0-1291-4A1E-99B5-B08F58854C25}.Debug|Any CPU.ActiveCfg = Debug|Any CPU
		{0C0910E0-1291-4A1E-99B5-B08F58854C25}.Debug|Any CPU.Build.0 = Debug|Any CPU
		{0C0910E0-1291-4A1E-99B5-B08F58854C25}.Release|Any CPU.ActiveCfg = Release|Any CPU
		{0C0910E0-1291-4A1E-99B5-B08F58854C25}.Release|Any CPU.Build.0 = Release|Any CPU
	EndGlobalSection
	GlobalSection(SolutionProperties) = preSolution
		HideSolutionNode = FALSE
	EndGlobalSection
	GlobalSection(ExtensibilityGlobals) = postSolution
		SolutionGuid = {4927B09D-6890-4926-AE7C-B964F0424A15}
	EndGlobalSection
EndGlobal
